
Microsoft Visual Studio Solution File, Format Version 12.00
# Visual Studio Version 17
Project("{8BC9CEB8-8B4A-11D0-8D11-00A0C91BC942}") = "ALL_BUILD", "ALL_BUILD.vcxproj", "{49C5B8EC-D83C-34FB-9A24-4C12AB035A3F}"
	ProjectSection(ProjectDependencies) = postProject
		{8FC7C4A3-D1A9-3E59-BE8F-59244D3C58C4} = {8FC7C4A3-D1A9-3E59-BE8F-59244D3C58C4}
		{FC29A479-385F-3BFF-BFD1-A9B541B9B825} = {FC29A479-385F-3BFF-BFD1-A9B541B9B825}
		{BFEABB94-11BE-3845-8BE9-F1410065FB23} = {BFEABB94-11BE-3845-8BE9-F1410065FB23}
		{D99CB68D-81A3-3B0D-A24C-1DE1202F1B18} = {D99CB68D-81A3-3B0D-A24C-1DE1202F1B18}
	EndProjectSection
EndProject
Project("{8BC9CEB8-8B4A-11D0-8D11-00A0C91BC942}") = "INSTALL", "INSTALL.vcxproj", "{A6104242-0525-3DE7-9E68-6E9A25E6E505}"
	ProjectSection(ProjectDependencies) = postProject
		{49C5B8EC-D83C-34FB-9A24-4C12AB035A3F} = {49C5B8EC-D83C-34FB-9A24-4C12AB035A3F}
		{8FC7C4A3-D1A9-3E59-BE8F-59244D3C58C4} = {8FC7C4A3-D1A9-3E59-BE8F-59244D3C58C4}
	EndProjectSection
EndProject
Project("{8BC9CEB8-8B4A-11D0-8D11-00A0C91BC942}") = "UpdateAssimpLibsDebugSymbolsAndDLLs", "UpdateAssimpLibsDebugSymbolsAndDLLs.vcxproj", "{CB69AD33-CCAA-3313-8724-B643FCC4B438}"
	ProjectSection(ProjectDependencies) = postProject
		{8FC7C4A3-D1A9-3E59-BE8F-59244D3C58C4} = {8FC7C4A3-D1A9-3E59-BE8F-59244D3C58C4}
	EndProjectSection
EndProject
Project("{8BC9CEB8-8B4A-11D0-8D11-00A0C91BC942}") = "ZERO_CHECK", "ZERO_CHECK.vcxproj", "{8FC7C4A3-D1A9-3E59-BE8F-59244D3C58C4}"
	ProjectSection(ProjectDependencies) = postProject
	EndProjectSection
EndProject
Project("{8BC9CEB8-8B4A-11D0-8D11-00A0C91BC942}") = "assimp", "code\assimp.vcxproj", "{FC29A479-385F-3BFF-BFD1-A9B541B9B825}"
	ProjectSection(ProjectDependencies) = postProject
		{8FC7C4A3-D1A9-3E59-BE8F-59244D3C58C4} = {8FC7C4A3-D1A9-3E59-BE8F-59244D3C58C4}
		{D99CB68D-81A3-3B0D-A24C-1DE1202F1B18} = {D99CB68D-81A3-3B0D-A24C-1DE1202F1B18}
	EndProjectSection
EndProject
Project("{8BC9CEB8-8B4A-11D0-8D11-00A0C91BC942}") = "uninstall", "uninstall.vcxproj", "{FC4E3200-2643-35E2-8615-C36DFDDC9ECD}"
	ProjectSection(ProjectDependencies) = postProject
		{8FC7C4A3-D1A9-3E59-BE8F-59244D3C58C4} = {8FC7C4A3-D1A9-3E59-BE8F-59244D3C58C4}
	EndProjectSection
EndProject
Project("{8BC9CEB8-8B4A-11D0-8D11-00A0C91BC942}") = "unit", "test\unit.vcxproj", "{BFEABB94-11BE-3845-8BE9-F1410065FB23}"
	ProjectSection(ProjectDependencies) = postProject
		{8FC7C4A3-D1A9-3E59-BE8F-59244D3C58C4} = {8FC7C4A3-D1A9-3E59-BE8F-59244D3C58C4}
		{FC29A479-385F-3BFF-BFD1-A9B541B9B825} = {FC29A479-385F-3BFF-BFD1-A9B541B9B825}
		{D99CB68D-81A3-3B0D-A24C-1DE1202F1B18} = {D99CB68D-81A3-3B0D-A24C-1DE1202F1B18}
	EndProjectSection
EndProject
Project("{8BC9CEB8-8B4A-11D0-8D11-00A0C91BC942}") = "zlibstatic", "contrib\zlib\zlibstatic.vcxproj", "{D99CB68D-81A3-3B0D-A24C-1DE1202F1B18}"
	ProjectSection(ProjectDependencies) = postProject
		{8FC7C4A3-D1A9-3E59-BE8F-59244D3C58C4} = {8FC7C4A3-D1A9-3E59-BE8F-59244D3C58C4}
	EndProjectSection
EndProject
Global
	GlobalSection(SolutionConfigurationPlatforms) = preSolution
		Debug|x64 = Debug|x64
		Release|x64 = Release|x64
		MinSizeRel|x64 = MinSizeRel|x64
		RelWithDebInfo|x64 = RelWithDebInfo|x64
	EndGlobalSection
	GlobalSection(ProjectConfigurationPlatforms) = postSolution
		{49C5B8EC-D83C-34FB-9A24-4C12AB035A3F}.Debug|x64.ActiveCfg = Debug|x64
		{49C5B8EC-D83C-34FB-9A24-4C12AB035A3F}.Debug|x64.Build.0 = Debug|x64
		{49C5B8EC-D83C-34FB-9A24-4C12AB035A3F}.Release|x64.ActiveCfg = Release|x64
		{49C5B8EC-D83C-34FB-9A24-4C12AB035A3F}.Release|x64.Build.0 = Release|x64
		{49C5B8EC-D83C-34FB-9A24-4C12AB035A3F}.MinSizeRel|x64.ActiveCfg = MinSizeRel|x64
		{49C5B8EC-D83C-34FB-9A24-4C12AB035A3F}.MinSizeRel|x64.Build.0 = MinSizeRel|x64
		{49C5B8EC-D83C-34FB-9A24-4C12AB035A3F}.RelWithDebInfo|x64.ActiveCfg = RelWithDebInfo|x64
		{49C5B8EC-D83C-34FB-9A24-4C12AB035A3F}.RelWithDebInfo|x64.Build.0 = RelWithDebInfo|x64
		{A6104242-0525-3DE7-9E68-6E9A25E6E505}.Debug|x64.ActiveCfg = Debug|x64
		{A6104242-0525-3DE7-9E68-6E9A25E6E505}.Release|x64.ActiveCfg = Release|x64
		{A6104242-0525-3DE7-9E68-6E9A25E6E505}.MinSizeRel|x64.ActiveCfg = MinSizeRel|x64
		{A6104242-0525-3DE7-9E68-6E9A25E6E505}.RelWithDebInfo|x64.ActiveCfg = RelWithDebInfo|x64
		{CB69AD33-CCAA-3313-8724-B643FCC4B438}.Debug|x64.ActiveCfg = Debug|x64
		{CB69AD33-CCAA-3313-8724-B643FCC4B438}.Release|x64.ActiveCfg = Release|x64
		{CB69AD33-CCAA-3313-8724-B643FCC4B438}.MinSizeRel|x64.ActiveCfg = MinSizeRel|x64
		{CB69AD33-CCAA-3313-8724-B643FCC4B438}.RelWithDebInfo|x64.ActiveCfg = RelWithDebInfo|x64
		{8FC7C4A3-D1A9-3E59-BE8F-59244D3C58C4}.Debug|x64.ActiveCfg = Debug|x64
		{8FC7C4A3-D1A9-3E59-BE8F-59244D3C58C4}.Debug|x64.Build.0 = Debug|x64
		{8FC7C4A3-D1A9-3E59-BE8F-59244D3C58C4}.Release|x64.ActiveCfg = Release|x64
		{8FC7C4A3-D1A9-3E59-BE8F-59244D3C58C4}.Release|x64.Build.0 = Release|x64
		{8FC7C4A3-D1A9-3E59-BE8F-59244D3C58C4}.MinSizeRel|x64.ActiveCfg = MinSizeRel|x64
		{8FC7C4A3-D1A9-3E59-BE8F-59244D3C58C4}.MinSizeRel|x64.Build.0 = MinSizeRel|x64
		{8FC7C4A3-D1A9-3E59-BE8F-59244D3C58C4}.RelWithDebInfo|x64.ActiveCfg = RelWithDebInfo|x64
		{8FC7C4A3-D1A9-3E59-BE8F-59244D3C58C4}.RelWithDebInfo|x64.Build.0 = RelWithDebInfo|x64
		{FC29A479-385F-3BFF-BFD1-A9B541B9B825}.Debug|x64.ActiveCfg = Debug|x64
		{FC29A479-385F-3BFF-BFD1-A9B541B9B825}.Debug|x64.Build.0 = Debug|x64
		{FC29A479-385F-3BFF-BFD1-A9B541B9B825}.Release|x64.ActiveCfg = Release|x64
		{FC29A479-385F-3BFF-BFD1-A9B541B9B825}.Release|x64.Build.0 = Release|x64
		{FC29A479-385F-3BFF-BFD1-A9B541B9B825}.MinSizeRel|x64.ActiveCfg = MinSizeRel|x64
		{FC29A479-385F-3BFF-BFD1-A9B541B9B825}.MinSizeRel|x64.Build.0 = MinSizeRel|x64
		{FC29A479-385F-3BFF-BFD1-A9B541B9B825}.RelWithDebInfo|x64.ActiveCfg = RelWithDebInfo|x64
		{FC29A479-385F-3BFF-BFD1-A9B541B9B825}.RelWithDebInfo|x64.Build.0 = RelWithDebInfo|x64
		{FC4E3200-2643-35E2-8615-C36DFDDC9ECD}.Debug|x64.ActiveCfg = Debug|x64
		{FC4E3200-2643-35E2-8615-C36DFDDC9ECD}.Release|x64.ActiveCfg = Release|x64
		{FC4E3200-2643-35E2-8615-C36DFDDC9ECD}.MinSizeRel|x64.ActiveCfg = MinSizeRel|x64
		{FC4E3200-2643-35E2-8615-C36DFDDC9ECD}.RelWithDebInfo|x64.ActiveCfg = RelWithDebInfo|x64
		{BFEABB94-11BE-3845-8BE9-F1410065FB23}.Debug|x64.ActiveCfg = Debug|x64
		{BFEABB94-11BE-3845-8BE9-F1410065FB23}.Debug|x64.Build.0 = Debug|x64
		{BFEABB94-11BE-3845-8BE9-F1410065FB23}.Release|x64.ActiveCfg = Release|x64
		{BFEABB94-11BE-3845-8BE9-F1410065FB23}.Release|x64.Build.0 = Release|x64
		{BFEABB94-11BE-3845-8BE9-F1410065FB23}.MinSizeRel|x64.ActiveCfg = MinSizeRel|x64
		{BFEABB94-11BE-3845-8BE9-F1410065FB23}.MinSizeRel|x64.Build.0 = MinSizeRel|x64
		{BFEABB94-11BE-3845-8BE9-F1410065FB23}.RelWithDebInfo|x64.ActiveCfg = RelWithDebInfo|x64
		{BFEABB94-11BE-3845-8BE9-F1410065FB23}.RelWithDebInfo|x64.Build.0 = RelWithDebInfo|x64
		{D99CB68D-81A3-3B0D-A24C-1DE1202F1B18}.Debug|x64.ActiveCfg = Debug|x64
		{D99CB68D-81A3-3B0D-A24C-1DE1202F1B18}.Debug|x64.Build.0 = Debug|x64
		{D99CB68D-81A3-3B0D-A24C-1DE1202F1B18}.Release|x64.ActiveCfg = Release|x64
		{D99CB68D-81A3-3B0D-A24C-1DE1202F1B18}.Release|x64.Build.0 = Release|x64
		{D99CB68D-81A3-3B0D-A24C-1DE1202F1B18}.MinSizeRel|x64.ActiveCfg = MinSizeRel|x64
		{D99CB68D-81A3-3B0D-A24C-1DE1202F1B18}.MinSizeRel|x64.Build.0 = MinSizeRel|x64
		{D99CB68D-81A3-3B0D-A24C-1DE1202F1B18}.RelWithDebInfo|x64.ActiveCfg = RelWithDebInfo|x64
		{D99CB68D-81A3-3B0D-A24C-1DE1202F1B18}.RelWithDebInfo|x64.Build.0 = RelWithDebInfo|x64
	EndGlobalSection
	GlobalSection(ExtensibilityGlobals) = postSolution
		SolutionGuid = {E81A48A2-F8E3-3D15-9A37-1E5D1F4D0BFA}
	EndGlobalSection
	GlobalSection(ExtensibilityAddIns) = postSolution
	EndGlobalSection
EndGlobal
